
Microsoft Visual Studio Solution File, Format Version 12.00
# Visual Studio 2012
Project("{D954291E-2A0B-460D-934E-DC6B0785DB48}") = "soundycon", "soundycon\soundycon.shproj", "{A8248DBD-D485-459D-9322-98ED79FB65D4}"
EndProject
Project("{FAE04EC0-301F-11D3-BF4B-00C04F79EFBC}") = "soundycon.iOS", "iOS\soundycon.iOS.csproj", "{71566B25-3022-4765-AB87-0A66A412DDF0}"
EndProject
Project("{FAE04EC0-301F-11D3-BF4B-00C04F79EFBC}") = "soundycon.Droid", "Droid\soundycon.Droid.csproj", "{4EC05CB6-A696-4E29-ACF9-AFD6C7FE6BAD}"
EndProject
Project("{FAE04EC0-301F-11D3-BF4B-00C04F79EFBC}") = "soundycon.UITests", "UITests\soundycon.UITests.csproj", "{D86E2369-0102-4646-A7F0-4913F74AC4A2}"
EndProject
Global
	GlobalSection(SolutionConfigurationPlatforms) = preSolution
		Debug|iPhoneSimulator = Debug|iPhoneSimulator
		Release|iPhone = Release|iPhone
		Release|iPhoneSimulator = Release|iPhoneSimulator
		Debug|iPhone = Debug|iPhone
		Debug|Any CPU = Debug|Any CPU
		Release|Any CPU = Release|Any CPU
	EndGlobalSection
	GlobalSection(ProjectConfigurationPlatforms) = postSolution
		{4EC05CB6-A696-4E29-ACF9-AFD6C7FE6BAD}.Debug|Any CPU.ActiveCfg = Debug|Any CPU
		{4EC05CB6-A696-4E29-ACF9-AFD6C7FE6BAD}.Debug|Any CPU.Build.0 = Debug|Any CPU
		{4EC05CB6-A696-4E29-ACF9-AFD6C7FE6BAD}.Debug|iPhone.ActiveCfg = Debug|Any CPU
		{4EC05CB6-A696-4E29-ACF9-AFD6C7FE6BAD}.Debug|iPhone.Build.0 = Debug|Any CPU
		{4EC05CB6-A696-4E29-ACF9-AFD6C7FE6BAD}.Debug|iPhoneSimulator.ActiveCfg = Debug|Any CPU
		{4EC05CB6-A696-4E29-ACF9-AFD6C7FE6BAD}.Debug|iPhoneSimulator.Build.0 = Debug|Any CPU
		{4EC05CB6-A696-4E29-ACF9-AFD6C7FE6BAD}.Release|Any CPU.ActiveCfg = Release|Any CPU
		{4EC05CB6-A696-4E29-ACF9-AFD6C7FE6BAD}.Release|Any CPU.Build.0 = Release|Any CPU
		{4EC05CB6-A696-4E29-ACF9-AFD6C7FE6BAD}.Release|iPhone.ActiveCfg = Release|Any CPU
		{4EC05CB6-A696-4E29-ACF9-AFD6C7FE6BAD}.Release|iPhone.Build.0 = Release|Any CPU
		{4EC05CB6-A696-4E29-ACF9-AFD6C7FE6BAD}.Release|iPhoneSimulator.ActiveCfg = Release|Any CPU
		{4EC05CB6-A696-4E29-ACF9-AFD6C7FE6BAD}.Release|iPhoneSimulator.Build.0 = Release|Any CPU
		{71566B25-3022-4765-AB87-0A66A412DDF0}.Debug|Any CPU.ActiveCfg = Debug|iPhoneSimulator
		{71566B25-3022-4765-AB87-0A66A412DDF0}.Debug|Any CPU.Build.0 = Debug|iPhoneSimulator
		{71566B25-3022-4765-AB87-0A66A412DDF0}.Debug|iPhone.ActiveCfg = Debug|iPhone
		{71566B25-3022-4765-AB87-0A66A412DDF0}.Debug|iPhone.Build.0 = Debug|iPhone
		{71566B25-3022-4765-AB87-0A66A412DDF0}.Debug|iPhoneSimulator.ActiveCfg = Debug|iPhoneSimulator
		{71566B25-3022-4765-AB87-0A66A412DDF0}.Debug|iPhoneSimulator.Build.0 = Debug|iPhoneSimulator
		{71566B25-3022-4765-AB87-0A66A412DDF0}.Release|Any CPU.ActiveCfg = Release|iPhone
		{71566B25-3022-4765-AB87-0A66A412DDF0}.Release|Any CPU.Build.0 = Release|iPhone
		{71566B25-3022-4765-AB87-0A66A412DDF0}.Release|iPhone.ActiveCfg = Release|iPhone
		{71566B25-3022-4765-AB87-0A66A412DDF0}.Release|iPhone.Build.0 = Release|iPhone
		{71566B25-3022-4765-AB87-0A66A412DDF0}.Release|iPhoneSimulator.ActiveCfg = Release|iPhoneSimulator
		{71566B25-3022-4765-AB87-0A66A412DDF0}.Release|iPhoneSimulator.Build.0 = Release|iPhoneSimulator
		{D86E2369-0102-4646-A7F0-4913F74AC4A2}.Debug|Any CPU.ActiveCfg = Debug|Any CPU
		{D86E2369-0102-4646-A7F0-4913F74AC4A2}.Debug|Any CPU.Build.0 = Debug|Any CPU
		{D86E2369-0102-4646-A7F0-4913F74AC4A2}.Debug|iPhone.ActiveCfg = Debug|Any CPU
		{D86E2369-0102-4646-A7F0-4913F74AC4A2}.Debug|iPhone.Build.0 = Debug|Any CPU
		{D86E2369-0102-4646-A7F0-4913F74AC4A2}.Debug|iPhoneSimulator.ActiveCfg = Debug|Any CPU
		{D86E2369-0102-4646-A7F0-4913F74AC4A2}.Debug|iPhoneSimulator.Build.0 = Debug|Any CPU
		{D86E2369-0102-4646-A7F0-4913F74AC4A2}.Release|Any CPU.ActiveCfg = Release|Any CPU
		{D86E2369-0102-4646-A7F0-4913F74AC4A2}.Release|Any CPU.Build.0 = Release|Any CPU
		{D86E2369-0102-4646-A7F0-4913F74AC4A2}.Release|iPhone.ActiveCfg = Release|Any CPU
		{D86E2369-0102-4646-A7F0-4913F74AC4A2}.Release|iPhone.Build.0 = Release|Any CPU
		{D86E2369-0102-4646-A7F0-4913F74AC4A2}.Release|iPhoneSimulator.ActiveCfg = Release|Any CPU
		{D86E2369-0102-4646-A7F0-4913F74AC4A2}.Release|iPhoneSimulator.Build.0 = Release|Any CPU
	EndGlobalSection
EndGlobal
